
Microsoft Visual Studio Solution File, Format Version 12.00
# Visual Studio Version 17
VisualStudioVersion = 17.8.34316.72
MinimumVisualStudioVersion = 10.0.40219.1
Project("{FAE04EC0-301F-11D3-BF4B-00C04F79EFBC}") = "QuizGenweb", "QuizGenweb\QuizGenweb.csproj", "{E9D24A1F-19AC-4AF9-904F-3B75C22FCBCA}"
EndProject
Global
	GlobalSection(SolutionConfigurationPlatforms) = preSolution
		Debug|Any CPU = Debug|Any CPU
		Release|Any CPU = Release|Any CPU
	EndGlobalSection
	GlobalSection(ProjectConfigurationPlatforms) = postSolution
		{E9D24A1F-19AC-4AF9-904F-3B75C22FCBCA}.Debug|Any CPU.ActiveCfg = Debug|Any CPU
		{E9D24A1F-19AC-4AF9-904F-3B75C22FCBCA}.Debug|Any CPU.Build.0 = Debug|Any CPU
		{E9D24A1F-19AC-4AF9-904F-3B75C22FCBCA}.Release|Any CPU.ActiveCfg = Release|Any CPU
		{E9D24A1F-19AC-4AF9-904F-3B75C22FCBCA}.Release|Any CPU.Build.0 = Release|Any CPU
	EndGlobalSection
	GlobalSection(SolutionProperties) = preSolution
		HideSolutionNode = FALSE
	EndGlobalSection
	GlobalSection(ExtensibilityGlobals) = postSolution
		SolutionGuid = {115C9422-B878-4EDD-B497-0DC22BCEFD89}
	EndGlobalSection
EndGlobal
